
Microsoft Visual Studio Solution File, Format Version 12.00
# Visual Studio 14
VisualStudioVersion = 14.0.25420.1
MinimumVisualStudioVersion = 10.0.40219.1
Project("{FAE04EC0-301F-11D3-BF4B-00C04F79EFBC}") = "OnlineStore.Core.Common.Contracts", "OnlineStore.Core.Common.Contracts\OnlineStore.Core.Common.Contracts.csproj", "{D9EAFDE8-D4BA-4BFA-8130-CB9702F772E1}"
EndProject
Project("{FAE04EC0-301F-11D3-BF4B-00C04F79EFBC}") = "OnlineStore.Core", "OnlineStore.Core\OnlineStore.Core.csproj", "{77D5BE6C-482C-4183-ADE7-B2C45DCE737B}"
EndProject
Project("{FAE04EC0-301F-11D3-BF4B-00C04F79EFBC}") = "OnlineStore.Core.Common.Caching", "OnlineStore.Core.Common.Caching\OnlineStore.Core.Common.Caching.csproj", "{D49BBB3C-75FE-4B45-910D-E0DCD20A7AF9}"
EndProject
Project("{FAE04EC0-301F-11D3-BF4B-00C04F79EFBC}") = "OnlineStore.Core.Common.Logging", "OnlineStore.Core.Common.Logging\OnlineStore.Core.Common.Logging.csproj", "{FE3B3156-140B-49D2-8326-D06654FC2376}"
EndProject
Project("{FAE04EC0-301F-11D3-BF4B-00C04F79EFBC}") = "OnlineStore.Data.Entities", "OnlineStore.Data.Entities\OnlineStore.Data.Entities.csproj", "{1713E564-0E05-4CFE-BF5D-62628A41CBBD}"
EndProject
Project("{FAE04EC0-301F-11D3-BF4B-00C04F79EFBC}") = "OnlineStore.Data.Contracts", "OnlineStore.Data.Contracts\OnlineStore.Data.Contracts.csproj", "{4106D99F-5D07-435F-822C-E676ED6EBB6B}"
EndProject
Project("{2150E333-8FDC-42A3-9474-1A3956D46DE8}") = "1 - Core Layer", "1 - Core Layer", "{E0BCA097-3FE8-4920-8D83-FC3642F7010A}"
EndProject
Project("{2150E333-8FDC-42A3-9474-1A3956D46DE8}") = "2 - Data Access Layer", "2 - Data Access Layer", "{78A5A45E-60B7-4FF9-8471-B531679EC622}"
EndProject
Project("{FAE04EC0-301F-11D3-BF4B-00C04F79EFBC}") = "OnlineStore.Data", "OnlineStore.Data\OnlineStore.Data.csproj", "{ED2400BA-8519-463A-B0AF-4FF0AD7D4B86}"
EndProject
Project("{2150E333-8FDC-42A3-9474-1A3956D46DE8}") = "3- Business Layer", "3- Business Layer", "{99967127-D957-482B-B6DD-8CD26C62EC7C}"
EndProject
Project("{FAE04EC0-301F-11D3-BF4B-00C04F79EFBC}") = "OnlineStore.Business.Contracts", "OnlineStore.Business.Contracts\OnlineStore.Business.Contracts.csproj", "{BF2ADB99-5AA6-424C-8E54-8E8EDF25C17B}"
EndProject
Project("{FAE04EC0-301F-11D3-BF4B-00C04F79EFBC}") = "OnlineStore.Business", "OnlineStore.Business\OnlineStore.Business.csproj", "{D4E8AA88-6EA2-4052-AED2-12F7E733995B}"
EndProject
Project("{2150E333-8FDC-42A3-9474-1A3956D46DE8}") = "4 - Web API Layer", "4 - Web API Layer", "{4A93740E-1F57-4606-B957-1C6D51AD9B63}"
EndProject
Project("{FAE04EC0-301F-11D3-BF4B-00C04F79EFBC}") = "OnlineStore.ServiceHost.API", "OnlineStore.ServiceHost.API\OnlineStore.ServiceHost.API.csproj", "{B08DD4CC-E793-4475-B2F5-784FAD745EBC}"
EndProject
Project("{2150E333-8FDC-42A3-9474-1A3956D46DE8}") = "5 - Console", "5 - Console", "{A0EAD769-C966-4ADF-8AE8-8A97BFEF55F7}"
EndProject
Project("{FAE04EC0-301F-11D3-BF4B-00C04F79EFBC}") = "OnlineStore.Console", "OnlineStore.Console\OnlineStore.Console.csproj", "{131CB559-04B7-4DBF-B185-FBEFBA2CF59D}"
EndProject
Global
	GlobalSection(SolutionConfigurationPlatforms) = preSolution
		Debug|Any CPU = Debug|Any CPU
		Release|Any CPU = Release|Any CPU
	EndGlobalSection
	GlobalSection(ProjectConfigurationPlatforms) = postSolution
		{D9EAFDE8-D4BA-4BFA-8130-CB9702F772E1}.Debug|Any CPU.ActiveCfg = Debug|Any CPU
		{D9EAFDE8-D4BA-4BFA-8130-CB9702F772E1}.Debug|Any CPU.Build.0 = Debug|Any CPU
		{D9EAFDE8-D4BA-4BFA-8130-CB9702F772E1}.Release|Any CPU.ActiveCfg = Release|Any CPU
		{D9EAFDE8-D4BA-4BFA-8130-CB9702F772E1}.Release|Any CPU.Build.0 = Release|Any CPU
		{77D5BE6C-482C-4183-ADE7-B2C45DCE737B}.Debug|Any CPU.ActiveCfg = Debug|Any CPU
		{77D5BE6C-482C-4183-ADE7-B2C45DCE737B}.Debug|Any CPU.Build.0 = Debug|Any CPU
		{77D5BE6C-482C-4183-ADE7-B2C45DCE737B}.Release|Any CPU.ActiveCfg = Release|Any CPU
		{77D5BE6C-482C-4183-ADE7-B2C45DCE737B}.Release|Any CPU.Build.0 = Release|Any CPU
		{D49BBB3C-75FE-4B45-910D-E0DCD20A7AF9}.Debug|Any CPU.ActiveCfg = Debug|Any CPU
		{D49BBB3C-75FE-4B45-910D-E0DCD20A7AF9}.Debug|Any CPU.Build.0 = Debug|Any CPU
		{D49BBB3C-75FE-4B45-910D-E0DCD20A7AF9}.Release|Any CPU.ActiveCfg = Release|Any CPU
		{D49BBB3C-75FE-4B45-910D-E0DCD20A7AF9}.Release|Any CPU.Build.0 = Release|Any CPU
		{FE3B3156-140B-49D2-8326-D06654FC2376}.Debug|Any CPU.ActiveCfg = Debug|Any CPU
		{FE3B3156-140B-49D2-8326-D06654FC2376}.Debug|Any CPU.Build.0 = Debug|Any CPU
		{FE3B3156-140B-49D2-8326-D06654FC2376}.Release|Any CPU.ActiveCfg = Release|Any CPU
		{FE3B3156-140B-49D2-8326-D06654FC2376}.Release|Any CPU.Build.0 = Release|Any CPU
		{1713E564-0E05-4CFE-BF5D-62628A41CBBD}.Debug|Any CPU.ActiveCfg = Debug|Any CPU
		{1713E564-0E05-4CFE-BF5D-62628A41CBBD}.Debug|Any CPU.Build.0 = Debug|Any CPU
		{1713E564-0E05-4CFE-BF5D-62628A41CBBD}.Release|Any CPU.ActiveCfg = Release|Any CPU
		{1713E564-0E05-4CFE-BF5D-62628A41CBBD}.Release|Any CPU.Build.0 = Release|Any CPU
		{4106D99F-5D07-435F-822C-E676ED6EBB6B}.Debug|Any CPU.ActiveCfg = Debug|Any CPU
		{4106D99F-5D07-435F-822C-E676ED6EBB6B}.Debug|Any CPU.Build.0 = Debug|Any CPU
		{4106D99F-5D07-435F-822C-E676ED6EBB6B}.Release|Any CPU.ActiveCfg = Release|Any CPU
		{4106D99F-5D07-435F-822C-E676ED6EBB6B}.Release|Any CPU.Build.0 = Release|Any CPU
		{ED2400BA-8519-463A-B0AF-4FF0AD7D4B86}.Debug|Any CPU.ActiveCfg = Debug|Any CPU
		{ED2400BA-8519-463A-B0AF-4FF0AD7D4B86}.Debug|Any CPU.Build.0 = Debug|Any CPU
		{ED2400BA-8519-463A-B0AF-4FF0AD7D4B86}.Release|Any CPU.ActiveCfg = Release|Any CPU
		{ED2400BA-8519-463A-B0AF-4FF0AD7D4B86}.Release|Any CPU.Build.0 = Release|Any CPU
		{BF2ADB99-5AA6-424C-8E54-8E8EDF25C17B}.Debug|Any CPU.ActiveCfg = Debug|Any CPU
		{BF2ADB99-5AA6-424C-8E54-8E8EDF25C17B}.Debug|Any CPU.Build.0 = Debug|Any CPU
		{BF2ADB99-5AA6-424C-8E54-8E8EDF25C17B}.Release|Any CPU.ActiveCfg = Release|Any CPU
		{BF2ADB99-5AA6-424C-8E54-8E8EDF25C17B}.Release|Any CPU.Build.0 = Release|Any CPU
		{D4E8AA88-6EA2-4052-AED2-12F7E733995B}.Debug|Any CPU.ActiveCfg = Debug|Any CPU
		{D4E8AA88-6EA2-4052-AED2-12F7E733995B}.Debug|Any CPU.Build.0 = Debug|Any CPU
		{D4E8AA88-6EA2-4052-AED2-12F7E733995B}.Release|Any CPU.ActiveCfg = Release|Any CPU
		{D4E8AA88-6EA2-4052-AED2-12F7E733995B}.Release|Any CPU.Build.0 = Release|Any CPU
		{B08DD4CC-E793-4475-B2F5-784FAD745EBC}.Debug|Any CPU.ActiveCfg = Debug|Any CPU
		{B08DD4CC-E793-4475-B2F5-784FAD745EBC}.Debug|Any CPU.Build.0 = Debug|Any CPU
		{B08DD4CC-E793-4475-B2F5-784FAD745EBC}.Release|Any CPU.ActiveCfg = Release|Any CPU
		{B08DD4CC-E793-4475-B2F5-784FAD745EBC}.Release|Any CPU.Build.0 = Release|Any CPU
		{131CB559-04B7-4DBF-B185-FBEFBA2CF59D}.Debug|Any CPU.ActiveCfg = Debug|Any CPU
		{131CB559-04B7-4DBF-B185-FBEFBA2CF59D}.Debug|Any CPU.Build.0 = Debug|Any CPU
		{131CB559-04B7-4DBF-B185-FBEFBA2CF59D}.Release|Any CPU.ActiveCfg = Release|Any CPU
		{131CB559-04B7-4DBF-B185-FBEFBA2CF59D}.Release|Any CPU.Build.0 = Release|Any CPU
	EndGlobalSection
	GlobalSection(SolutionProperties) = preSolution
		HideSolutionNode = FALSE
	EndGlobalSection
	GlobalSection(NestedProjects) = preSolution
		{D9EAFDE8-D4BA-4BFA-8130-CB9702F772E1} = {E0BCA097-3FE8-4920-8D83-FC3642F7010A}
		{77D5BE6C-482C-4183-ADE7-B2C45DCE737B} = {E0BCA097-3FE8-4920-8D83-FC3642F7010A}
		{D49BBB3C-75FE-4B45-910D-E0DCD20A7AF9} = {E0BCA097-3FE8-4920-8D83-FC3642F7010A}
		{FE3B3156-140B-49D2-8326-D06654FC2376} = {E0BCA097-3FE8-4920-8D83-FC3642F7010A}
		{1713E564-0E05-4CFE-BF5D-62628A41CBBD} = {78A5A45E-60B7-4FF9-8471-B531679EC622}
		{4106D99F-5D07-435F-822C-E676ED6EBB6B} = {78A5A45E-60B7-4FF9-8471-B531679EC622}
		{ED2400BA-8519-463A-B0AF-4FF0AD7D4B86} = {78A5A45E-60B7-4FF9-8471-B531679EC622}
		{BF2ADB99-5AA6-424C-8E54-8E8EDF25C17B} = {99967127-D957-482B-B6DD-8CD26C62EC7C}
		{D4E8AA88-6EA2-4052-AED2-12F7E733995B} = {99967127-D957-482B-B6DD-8CD26C62EC7C}
		{B08DD4CC-E793-4475-B2F5-784FAD745EBC} = {4A93740E-1F57-4606-B957-1C6D51AD9B63}
		{131CB559-04B7-4DBF-B185-FBEFBA2CF59D} = {A0EAD769-C966-4ADF-8AE8-8A97BFEF55F7}
	EndGlobalSection
EndGlobal
